# This file is automatically @generated by Cargo.
# It is not intended for manual editing.
version = 4

[[package]]
name = "aum-api"
version = "0.3.0"
dependencies = [
 "aum-core",
]

[[package]]
name = "aum-cli"
version = "0.3.0"
dependencies = [
 "aum-core",
]

[[package]]
name = "aum-core"
version = "0.3.0"
